
Microsoft Visual Studio Solution File, Format Version 12.00
# Visual Studio Version 16
VisualStudioVersion = 16.0.36602.28
MinimumVisualStudioVersion = 10.0.40219.1
Project("{FAE04EC0-301F-11D3-BF4B-00C04F79EFBC}") = "TechStoreWeb", "TechStoreWeb\TechStoreWeb.csproj", "{3612F6C9-3E6C-4E05-884A-9B46B86203F6}"
EndProject
Project("{FAE04EC0-301F-11D3-BF4B-00C04F79EFBC}") = "Dominio", "Dominio\Dominio.csproj", "{A2FA4A2B-8AB1-489D-B4E6-706329355F49}"
EndProject
Project("{FAE04EC0-301F-11D3-BF4B-00C04F79EFBC}") = "Negocio", "Negocio\Negocio.csproj", "{A7199BEC-F4A6-4EFF-BEE5-1F5229640DED}"
EndProject
Project("{FAE04EC0-301F-11D3-BF4B-00C04F79EFBC}") = "Mail", "Mail\Mail.csproj", "{995DAC49-01AF-4E02-B175-F42D887410EE}"
EndProject
Global
	GlobalSection(SolutionConfigurationPlatforms) = preSolution
		Debug|Any CPU = Debug|Any CPU
		Release|Any CPU = Release|Any CPU
	EndGlobalSection
	GlobalSection(ProjectConfigurationPlatforms) = postSolution
		{3612F6C9-3E6C-4E05-884A-9B46B86203F6}.Debug|Any CPU.ActiveCfg = Debug|Any CPU
		{3612F6C9-3E6C-4E05-884A-9B46B86203F6}.Debug|Any CPU.Build.0 = Debug|Any CPU
		{3612F6C9-3E6C-4E05-884A-9B46B86203F6}.Release|Any CPU.ActiveCfg = Release|Any CPU
		{3612F6C9-3E6C-4E05-884A-9B46B86203F6}.Release|Any CPU.Build.0 = Release|Any CPU
		{A2FA4A2B-8AB1-489D-B4E6-706329355F49}.Debug|Any CPU.ActiveCfg = Debug|Any CPU
		{A2FA4A2B-8AB1-489D-B4E6-706329355F49}.Debug|Any CPU.Build.0 = Debug|Any CPU
		{A2FA4A2B-8AB1-489D-B4E6-706329355F49}.Release|Any CPU.ActiveCfg = Release|Any CPU
		{A2FA4A2B-8AB1-489D-B4E6-706329355F49}.Release|Any CPU.Build.0 = Release|Any CPU
		{A7199BEC-F4A6-4EFF-BEE5-1F5229640DED}.Debug|Any CPU.ActiveCfg = Debug|Any CPU
		{A7199BEC-F4A6-4EFF-BEE5-1F5229640DED}.Debug|Any CPU.Build.0 = Debug|Any CPU
		{A7199BEC-F4A6-4EFF-BEE5-1F5229640DED}.Release|Any CPU.ActiveCfg = Release|Any CPU
		{A7199BEC-F4A6-4EFF-BEE5-1F5229640DED}.Release|Any CPU.Build.0 = Release|Any CPU
		{995DAC49-01AF-4E02-B175-F42D887410EE}.Debug|Any CPU.ActiveCfg = Debug|Any CPU
		{995DAC49-01AF-4E02-B175-F42D887410EE}.Debug|Any CPU.Build.0 = Debug|Any CPU
		{995DAC49-01AF-4E02-B175-F42D887410EE}.Release|Any CPU.ActiveCfg = Release|Any CPU
		{995DAC49-01AF-4E02-B175-F42D887410EE}.Release|Any CPU.Build.0 = Release|Any CPU
	EndGlobalSection
	GlobalSection(SolutionProperties) = preSolution
		HideSolutionNode = FALSE
	EndGlobalSection
	GlobalSection(ExtensibilityGlobals) = postSolution
		SolutionGuid = {FE1D4FC6-EB72-43ED-BF17-4C50578B4698}
	EndGlobalSection
EndGlobal
